
Microsoft Visual Studio Solution File, Format Version 12.00
# Visual Studio Version 17
VisualStudioVersion = 17.1.32407.343
MinimumVisualStudioVersion = 10.0.40219.1
Project("{9A19103F-16F7-4668-BE54-9A1E7A4F7556}") = "QrCodeWeb", "QrCodeWeb\QrCodeWeb.csproj", "{E64DCDC6-384B-4B5C-A137-7E8860E90787}"
	ProjectSection(ProjectDependencies) = postProject
		{A473CDF4-F1FA-4054-8FED-8419731C0959} = {A473CDF4-F1FA-4054-8FED-8419731C0959}
	EndProjectSection
EndProject
Project("{9A19103F-16F7-4668-BE54-9A1E7A4F7556}") = "ConsoleApp1", "ConsoleApp1\ConsoleApp1.csproj", "{471EB729-09DC-4516-9CB7-06935900D5CC}"
EndProject
Project("{9A19103F-16F7-4668-BE54-9A1E7A4F7556}") = "OpenCvSharp", "OpenCvSharp\OpenCvSharp.csproj", "{A473CDF4-F1FA-4054-8FED-8419731C0959}"
	ProjectSection(ProjectDependencies) = postProject
		{8E7279F8-F801-4672-B42F-1ED2C68B16A4} = {8E7279F8-F801-4672-B42F-1ED2C68B16A4}
	EndProjectSection
EndProject
Project("{8BC9CEB8-8B4A-11D0-8D11-00A0C91BC942}") = "OpenCvSharpExtern", "OpenCvSharpExtern\OpenCvSharpExtern.vcxproj", "{8E7279F8-F801-4672-B42F-1ED2C68B16A4}"
EndProject
Project("{FAE04EC0-301F-11D3-BF4B-00C04F79EFBC}") = "ScanImgShared", "ScanImgShared\ScanImgShared.csproj", "{750F96DE-9692-436D-AB8E-A7E5EA795FD3}"
EndProject
Project("{2150E333-8FDC-42A3-9474-1A3956D46DE8}") = "ExpandDLL", "ExpandDLL", "{E452E621-DABB-464E-B97F-4A9F75CD78F2}"
	ProjectSection(SolutionItems) = preProject
		OpenCvSharp.dll = OpenCvSharp.dll
		OpenCvSharpExtern.dll = OpenCvSharpExtern.dll
	EndProjectSection
EndProject
Global
	GlobalSection(SolutionConfigurationPlatforms) = preSolution
		Debug|Any CPU = Debug|Any CPU
		Debug|x64 = Debug|x64
		Debug|x86 = Debug|x86
		Release|Any CPU = Release|Any CPU
		Release|x64 = Release|x64
		Release|x86 = Release|x86
		Release-JP|Any CPU = Release-JP|Any CPU
		Release-JP|x64 = Release-JP|x64
		Release-JP|x86 = Release-JP|x86
	EndGlobalSection
	GlobalSection(ProjectConfigurationPlatforms) = postSolution
		{E64DCDC6-384B-4B5C-A137-7E8860E90787}.Debug|Any CPU.ActiveCfg = Debug|Any CPU
		{E64DCDC6-384B-4B5C-A137-7E8860E90787}.Debug|Any CPU.Build.0 = Debug|Any CPU
		{E64DCDC6-384B-4B5C-A137-7E8860E90787}.Debug|x64.ActiveCfg = Debug|x64
		{E64DCDC6-384B-4B5C-A137-7E8860E90787}.Debug|x64.Build.0 = Debug|x64
		{E64DCDC6-384B-4B5C-A137-7E8860E90787}.Debug|x86.ActiveCfg = Debug|Any CPU
		{E64DCDC6-384B-4B5C-A137-7E8860E90787}.Debug|x86.Build.0 = Debug|Any CPU
		{E64DCDC6-384B-4B5C-A137-7E8860E90787}.Release|Any CPU.ActiveCfg = Release|Any CPU
		{E64DCDC6-384B-4B5C-A137-7E8860E90787}.Release|Any CPU.Build.0 = Release|Any CPU
		{E64DCDC6-384B-4B5C-A137-7E8860E90787}.Release|x64.ActiveCfg = Release|x64
		{E64DCDC6-384B-4B5C-A137-7E8860E90787}.Release|x64.Build.0 = Release|x64
		{E64DCDC6-384B-4B5C-A137-7E8860E90787}.Release|x86.ActiveCfg = Release|Any CPU
		{E64DCDC6-384B-4B5C-A137-7E8860E90787}.Release|x86.Build.0 = Release|Any CPU
		{E64DCDC6-384B-4B5C-A137-7E8860E90787}.Release-JP|Any CPU.ActiveCfg = Release|Any CPU
		{E64DCDC6-384B-4B5C-A137-7E8860E90787}.Release-JP|Any CPU.Build.0 = Release|Any CPU
		{E64DCDC6-384B-4B5C-A137-7E8860E90787}.Release-JP|x64.ActiveCfg = Release|x64
		{E64DCDC6-384B-4B5C-A137-7E8860E90787}.Release-JP|x64.Build.0 = Release|x64
		{E64DCDC6-384B-4B5C-A137-7E8860E90787}.Release-JP|x86.ActiveCfg = Release|Any CPU
		{E64DCDC6-384B-4B5C-A137-7E8860E90787}.Release-JP|x86.Build.0 = Release|Any CPU
		{471EB729-09DC-4516-9CB7-06935900D5CC}.Debug|Any CPU.ActiveCfg = Debug|Any CPU
		{471EB729-09DC-4516-9CB7-06935900D5CC}.Debug|Any CPU.Build.0 = Debug|Any CPU
		{471EB729-09DC-4516-9CB7-06935900D5CC}.Debug|x64.ActiveCfg = Debug|Any CPU
		{471EB729-09DC-4516-9CB7-06935900D5CC}.Debug|x64.Build.0 = Debug|Any CPU
		{471EB729-09DC-4516-9CB7-06935900D5CC}.Debug|x86.ActiveCfg = Debug|Any CPU
		{471EB729-09DC-4516-9CB7-06935900D5CC}.Debug|x86.Build.0 = Debug|Any CPU
		{471EB729-09DC-4516-9CB7-06935900D5CC}.Release|Any CPU.ActiveCfg = Release|Any CPU
		{471EB729-09DC-4516-9CB7-06935900D5CC}.Release|Any CPU.Build.0 = Release|Any CPU
		{471EB729-09DC-4516-9CB7-06935900D5CC}.Release|x64.ActiveCfg = Release|Any CPU
		{471EB729-09DC-4516-9CB7-06935900D5CC}.Release|x64.Build.0 = Release|Any CPU
		{471EB729-09DC-4516-9CB7-06935900D5CC}.Release|x86.ActiveCfg = Release|Any CPU
		{471EB729-09DC-4516-9CB7-06935900D5CC}.Release|x86.Build.0 = Release|Any CPU
		{471EB729-09DC-4516-9CB7-06935900D5CC}.Release-JP|Any CPU.ActiveCfg = Release|Any CPU
		{471EB729-09DC-4516-9CB7-06935900D5CC}.Release-JP|Any CPU.Build.0 = Release|Any CPU
		{471EB729-09DC-4516-9CB7-06935900D5CC}.Release-JP|x64.ActiveCfg = Release|Any CPU
		{471EB729-09DC-4516-9CB7-06935900D5CC}.Release-JP|x64.Build.0 = Release|Any CPU
		{471EB729-09DC-4516-9CB7-06935900D5CC}.Release-JP|x86.ActiveCfg = Release|Any CPU
		{471EB729-09DC-4516-9CB7-06935900D5CC}.Release-JP|x86.Build.0 = Release|Any CPU
		{A473CDF4-F1FA-4054-8FED-8419731C0959}.Debug|Any CPU.ActiveCfg = Debug|Any CPU
		{A473CDF4-F1FA-4054-8FED-8419731C0959}.Debug|Any CPU.Build.0 = Debug|Any CPU
		{A473CDF4-F1FA-4054-8FED-8419731C0959}.Debug|x64.ActiveCfg = Debug|Any CPU
		{A473CDF4-F1FA-4054-8FED-8419731C0959}.Debug|x64.Build.0 = Debug|Any CPU
		{A473CDF4-F1FA-4054-8FED-8419731C0959}.Debug|x86.ActiveCfg = Debug|Any CPU
		{A473CDF4-F1FA-4054-8FED-8419731C0959}.Debug|x86.Build.0 = Debug|Any CPU
		{A473CDF4-F1FA-4054-8FED-8419731C0959}.Release|Any CPU.ActiveCfg = Release|Any CPU
		{A473CDF4-F1FA-4054-8FED-8419731C0959}.Release|Any CPU.Build.0 = Release|Any CPU
		{A473CDF4-F1FA-4054-8FED-8419731C0959}.Release|x64.ActiveCfg = Release|Any CPU
		{A473CDF4-F1FA-4054-8FED-8419731C0959}.Release|x64.Build.0 = Release|Any CPU
		{A473CDF4-F1FA-4054-8FED-8419731C0959}.Release|x86.ActiveCfg = Release|Any CPU
		{A473CDF4-F1FA-4054-8FED-8419731C0959}.Release|x86.Build.0 = Release|Any CPU
		{A473CDF4-F1FA-4054-8FED-8419731C0959}.Release-JP|Any CPU.ActiveCfg = Release-JP|Any CPU
		{A473CDF4-F1FA-4054-8FED-8419731C0959}.Release-JP|Any CPU.Build.0 = Release-JP|Any CPU
		{A473CDF4-F1FA-4054-8FED-8419731C0959}.Release-JP|x64.ActiveCfg = Release-JP|Any CPU
		{A473CDF4-F1FA-4054-8FED-8419731C0959}.Release-JP|x64.Build.0 = Release-JP|Any CPU
		{A473CDF4-F1FA-4054-8FED-8419731C0959}.Release-JP|x86.ActiveCfg = Release-JP|Any CPU
		{A473CDF4-F1FA-4054-8FED-8419731C0959}.Release-JP|x86.Build.0 = Release-JP|Any CPU
		{8E7279F8-F801-4672-B42F-1ED2C68B16A4}.Debug|Any CPU.ActiveCfg = Debug|x64
		{8E7279F8-F801-4672-B42F-1ED2C68B16A4}.Debug|Any CPU.Build.0 = Debug|x64
		{8E7279F8-F801-4672-B42F-1ED2C68B16A4}.Debug|x64.ActiveCfg = Debug|x64
		{8E7279F8-F801-4672-B42F-1ED2C68B16A4}.Debug|x64.Build.0 = Debug|x64
		{8E7279F8-F801-4672-B42F-1ED2C68B16A4}.Debug|x86.ActiveCfg = Debug|Win32
		{8E7279F8-F801-4672-B42F-1ED2C68B16A4}.Debug|x86.Build.0 = Debug|Win32
		{8E7279F8-F801-4672-B42F-1ED2C68B16A4}.Release|Any CPU.ActiveCfg = Release|x64
		{8E7279F8-F801-4672-B42F-1ED2C68B16A4}.Release|Any CPU.Build.0 = Release|x64
		{8E7279F8-F801-4672-B42F-1ED2C68B16A4}.Release|x64.ActiveCfg = Release|x64
		{8E7279F8-F801-4672-B42F-1ED2C68B16A4}.Release|x64.Build.0 = Release|x64
		{8E7279F8-F801-4672-B42F-1ED2C68B16A4}.Release|x86.ActiveCfg = Release|Win32
		{8E7279F8-F801-4672-B42F-1ED2C68B16A4}.Release|x86.Build.0 = Release|Win32
		{8E7279F8-F801-4672-B42F-1ED2C68B16A4}.Release-JP|Any CPU.ActiveCfg = Debug|Win32
		{8E7279F8-F801-4672-B42F-1ED2C68B16A4}.Release-JP|Any CPU.Build.0 = Debug|Win32
		{8E7279F8-F801-4672-B42F-1ED2C68B16A4}.Release-JP|x64.ActiveCfg = Release|x64
		{8E7279F8-F801-4672-B42F-1ED2C68B16A4}.Release-JP|x64.Build.0 = Release|x64
		{8E7279F8-F801-4672-B42F-1ED2C68B16A4}.Release-JP|x86.ActiveCfg = Release|Win32
		{8E7279F8-F801-4672-B42F-1ED2C68B16A4}.Release-JP|x86.Build.0 = Release|Win32
		{750F96DE-9692-436D-AB8E-A7E5EA795FD3}.Debug|Any CPU.ActiveCfg = Debug|Any CPU
		{750F96DE-9692-436D-AB8E-A7E5EA795FD3}.Debug|Any CPU.Build.0 = Debug|Any CPU
		{750F96DE-9692-436D-AB8E-A7E5EA795FD3}.Debug|x64.ActiveCfg = Debug|Any CPU
		{750F96DE-9692-436D-AB8E-A7E5EA795FD3}.Debug|x64.Build.0 = Debug|Any CPU
		{750F96DE-9692-436D-AB8E-A7E5EA795FD3}.Debug|x86.ActiveCfg = Debug|Any CPU
		{750F96DE-9692-436D-AB8E-A7E5EA795FD3}.Debug|x86.Build.0 = Debug|Any CPU
		{750F96DE-9692-436D-AB8E-A7E5EA795FD3}.Release|Any CPU.ActiveCfg = Release|Any CPU
		{750F96DE-9692-436D-AB8E-A7E5EA795FD3}.Release|Any CPU.Build.0 = Release|Any CPU
		{750F96DE-9692-436D-AB8E-A7E5EA795FD3}.Release|x64.ActiveCfg = Release|Any CPU
		{750F96DE-9692-436D-AB8E-A7E5EA795FD3}.Release|x64.Build.0 = Release|Any CPU
		{750F96DE-9692-436D-AB8E-A7E5EA795FD3}.Release|x86.ActiveCfg = Release|Any CPU
		{750F96DE-9692-436D-AB8E-A7E5EA795FD3}.Release|x86.Build.0 = Release|Any CPU
		{750F96DE-9692-436D-AB8E-A7E5EA795FD3}.Release-JP|Any CPU.ActiveCfg = Release|Any CPU
		{750F96DE-9692-436D-AB8E-A7E5EA795FD3}.Release-JP|Any CPU.Build.0 = Release|Any CPU
		{750F96DE-9692-436D-AB8E-A7E5EA795FD3}.Release-JP|x64.ActiveCfg = Release|Any CPU
		{750F96DE-9692-436D-AB8E-A7E5EA795FD3}.Release-JP|x64.Build.0 = Release|Any CPU
		{750F96DE-9692-436D-AB8E-A7E5EA795FD3}.Release-JP|x86.ActiveCfg = Release|Any CPU
		{750F96DE-9692-436D-AB8E-A7E5EA795FD3}.Release-JP|x86.Build.0 = Release|Any CPU
	EndGlobalSection
	GlobalSection(SolutionProperties) = preSolution
		HideSolutionNode = FALSE
	EndGlobalSection
	GlobalSection(ExtensibilityGlobals) = postSolution
		SolutionGuid = {BCF26DF0-062C-4F69-8D47-8D7A7F96AE7E}
	EndGlobalSection
EndGlobal
